
Microsoft Visual Studio Solution File, Format Version 12.00
# Visual Studio Version 17
VisualStudioVersion = 17.2.32505.173
MinimumVisualStudioVersion = 10.0.40219.1
Project("{2150E333-8FDC-42A3-9474-1A3956D46DE8}") = "Presentation Layer", "Presentation Layer", "{E6FB5278-82AC-4FAD-8E26-3560E3A7C14C}"
EndProject
Project("{2150E333-8FDC-42A3-9474-1A3956D46DE8}") = "Domain", "Domain", "{94617EA7-DA34-45A3-A6CF-52143C5181BF}"
EndProject
Project("{2150E333-8FDC-42A3-9474-1A3956D46DE8}") = "Shared", "Shared", "{B9515EA6-A39E-4AF4-A0DC-8F52426FE1AF}"
EndProject
Project("{9A19103F-16F7-4668-BE54-9A1E7A4F7556}") = "Resources", "Resources\Resources.csproj", "{4B98890A-6E61-415C-9CE8-8B67ACA0B1E5}"
EndProject
Project("{9A19103F-16F7-4668-BE54-9A1E7A4F7556}") = "Shared", "Shared\Shared.csproj", "{98DFB976-2045-4BC0-9184-0D1C504AF2CC}"
EndProject
Project("{9A19103F-16F7-4668-BE54-9A1E7A4F7556}") = "Models", "Models\Models.csproj", "{55F6534C-9AD8-41AA-8E2A-95D5D2D3F1FE}"
EndProject
Project("{9A19103F-16F7-4668-BE54-9A1E7A4F7556}") = "Server", "Server\Server.csproj", "{C2AFE501-B3AD-41C1-B6E8-C676A418AA9F}"
EndProject
Project("{9A19103F-16F7-4668-BE54-9A1E7A4F7556}") = "Settings", "Settingsa\Settings.csproj", "{39FB9D15-3DC7-4DF9-AFF7-3E366906258D}"
EndProject
Project("{2150E333-8FDC-42A3-9474-1A3956D46DE8}") = "Data", "Data", "{FF3F8304-F243-4147-821D-8BFE4DB1E00E}"
EndProject
Project("{FAE04EC0-301F-11D3-BF4B-00C04F79EFBC}") = "Data", "Data\Data.csproj", "{440EBE7F-291B-40C7-8694-FF3FC765595B}"
EndProject
Global
	GlobalSection(SolutionConfigurationPlatforms) = preSolution
		Debug|Any CPU = Debug|Any CPU
		Release|Any CPU = Release|Any CPU
	EndGlobalSection
	GlobalSection(ProjectConfigurationPlatforms) = postSolution
		{4B98890A-6E61-415C-9CE8-8B67ACA0B1E5}.Debug|Any CPU.ActiveCfg = Debug|Any CPU
		{4B98890A-6E61-415C-9CE8-8B67ACA0B1E5}.Debug|Any CPU.Build.0 = Debug|Any CPU
		{4B98890A-6E61-415C-9CE8-8B67ACA0B1E5}.Release|Any CPU.ActiveCfg = Release|Any CPU
		{4B98890A-6E61-415C-9CE8-8B67ACA0B1E5}.Release|Any CPU.Build.0 = Release|Any CPU
		{98DFB976-2045-4BC0-9184-0D1C504AF2CC}.Debug|Any CPU.ActiveCfg = Debug|Any CPU
		{98DFB976-2045-4BC0-9184-0D1C504AF2CC}.Debug|Any CPU.Build.0 = Debug|Any CPU
		{98DFB976-2045-4BC0-9184-0D1C504AF2CC}.Release|Any CPU.ActiveCfg = Release|Any CPU
		{98DFB976-2045-4BC0-9184-0D1C504AF2CC}.Release|Any CPU.Build.0 = Release|Any CPU
		{55F6534C-9AD8-41AA-8E2A-95D5D2D3F1FE}.Debug|Any CPU.ActiveCfg = Debug|Any CPU
		{55F6534C-9AD8-41AA-8E2A-95D5D2D3F1FE}.Debug|Any CPU.Build.0 = Debug|Any CPU
		{55F6534C-9AD8-41AA-8E2A-95D5D2D3F1FE}.Release|Any CPU.ActiveCfg = Release|Any CPU
		{55F6534C-9AD8-41AA-8E2A-95D5D2D3F1FE}.Release|Any CPU.Build.0 = Release|Any CPU
		{C2AFE501-B3AD-41C1-B6E8-C676A418AA9F}.Debug|Any CPU.ActiveCfg = Debug|Any CPU
		{C2AFE501-B3AD-41C1-B6E8-C676A418AA9F}.Debug|Any CPU.Build.0 = Debug|Any CPU
		{C2AFE501-B3AD-41C1-B6E8-C676A418AA9F}.Release|Any CPU.ActiveCfg = Release|Any CPU
		{C2AFE501-B3AD-41C1-B6E8-C676A418AA9F}.Release|Any CPU.Build.0 = Release|Any CPU
		{39FB9D15-3DC7-4DF9-AFF7-3E366906258D}.Debug|Any CPU.ActiveCfg = Debug|Any CPU
		{39FB9D15-3DC7-4DF9-AFF7-3E366906258D}.Debug|Any CPU.Build.0 = Debug|Any CPU
		{39FB9D15-3DC7-4DF9-AFF7-3E366906258D}.Release|Any CPU.ActiveCfg = Release|Any CPU
		{39FB9D15-3DC7-4DF9-AFF7-3E366906258D}.Release|Any CPU.Build.0 = Release|Any CPU
		{440EBE7F-291B-40C7-8694-FF3FC765595B}.Debug|Any CPU.ActiveCfg = Debug|Any CPU
		{440EBE7F-291B-40C7-8694-FF3FC765595B}.Debug|Any CPU.Build.0 = Debug|Any CPU
		{440EBE7F-291B-40C7-8694-FF3FC765595B}.Release|Any CPU.ActiveCfg = Release|Any CPU
		{440EBE7F-291B-40C7-8694-FF3FC765595B}.Release|Any CPU.Build.0 = Release|Any CPU
	EndGlobalSection
	GlobalSection(SolutionProperties) = preSolution
		HideSolutionNode = FALSE
	EndGlobalSection
	GlobalSection(NestedProjects) = preSolution
		{4B98890A-6E61-415C-9CE8-8B67ACA0B1E5} = {B9515EA6-A39E-4AF4-A0DC-8F52426FE1AF}
		{98DFB976-2045-4BC0-9184-0D1C504AF2CC} = {B9515EA6-A39E-4AF4-A0DC-8F52426FE1AF}
		{55F6534C-9AD8-41AA-8E2A-95D5D2D3F1FE} = {94617EA7-DA34-45A3-A6CF-52143C5181BF}
		{C2AFE501-B3AD-41C1-B6E8-C676A418AA9F} = {E6FB5278-82AC-4FAD-8E26-3560E3A7C14C}
		{39FB9D15-3DC7-4DF9-AFF7-3E366906258D} = {B9515EA6-A39E-4AF4-A0DC-8F52426FE1AF}
		{440EBE7F-291B-40C7-8694-FF3FC765595B} = {FF3F8304-F243-4147-821D-8BFE4DB1E00E}
	EndGlobalSection
	GlobalSection(ExtensibilityGlobals) = postSolution
		SolutionGuid = {E1C070A5-F8F8-4075-9C37-6F898E44C50B}
	EndGlobalSection
EndGlobal
